
Microsoft Visual Studio Solution File, Format Version 12.00
# Visual Studio Version 17
VisualStudioVersion = 17.5.002.0
MinimumVisualStudioVersion = 10.0.40219.1
Project("{9A19103F-16F7-4668-BE54-9A1E7A4F7556}") = "acs-ai-forms", "acs-ai-forms.csproj", "{859DA75E-7600-422F-9581-D374FEE67CC5}"
EndProject
Global
	GlobalSection(SolutionConfigurationPlatforms) = preSolution
		Debug|Any CPU = Debug|Any CPU
		Release|Any CPU = Release|Any CPU
	EndGlobalSection
	GlobalSection(ProjectConfigurationPlatforms) = postSolution
		{859DA75E-7600-422F-9581-D374FEE67CC5}.Debug|Any CPU.ActiveCfg = Debug|Any CPU
		{859DA75E-7600-422F-9581-D374FEE67CC5}.Debug|Any CPU.Build.0 = Debug|Any CPU
		{859DA75E-7600-422F-9581-D374FEE67CC5}.Release|Any CPU.ActiveCfg = Release|Any CPU
		{859DA75E-7600-422F-9581-D374FEE67CC5}.Release|Any CPU.Build.0 = Release|Any CPU
	EndGlobalSection
	GlobalSection(SolutionProperties) = preSolution
		HideSolutionNode = FALSE
	EndGlobalSection
	GlobalSection(ExtensibilityGlobals) = postSolution
		SolutionGuid = {F8EE01A0-B92C-4BEC-87C3-155DE835D7C6}
	EndGlobalSection
EndGlobal
